
Microsoft Visual Studio Solution File, Format Version 12.00
# Visual Studio Version 17
VisualStudioVersion = 17.4.33122.133
MinimumVisualStudioVersion = 10.0.40219.1
Project("{FAE04EC0-301F-11D3-BF4B-00C04F79EFBC}") = "ConsoleApp1", "ConsoleApp1\ConsoleApp1.csproj", "{0C3C1DEF-114F-4A7B-B0C4-05F2AAD45701}"
EndProject
Global
	GlobalSection(SolutionConfigurationPlatforms) = preSolution
		Debug|Any CPU = Debug|Any CPU
		Release|Any CPU = Release|Any CPU
	EndGlobalSection
	GlobalSection(ProjectConfigurationPlatforms) = postSolution
		{0C3C1DEF-114F-4A7B-B0C4-05F2AAD45701}.Debug|Any CPU.ActiveCfg = Debug|Any CPU
		{0C3C1DEF-114F-4A7B-B0C4-05F2AAD45701}.Debug|Any CPU.Build.0 = Debug|Any CPU
		{0C3C1DEF-114F-4A7B-B0C4-05F2AAD45701}.Release|Any CPU.ActiveCfg = Release|Any CPU
		{0C3C1DEF-114F-4A7B-B0C4-05F2AAD45701}.Release|Any CPU.Build.0 = Release|Any CPU
	EndGlobalSection
	GlobalSection(SolutionProperties) = preSolution
		HideSolutionNode = FALSE
	EndGlobalSection
	GlobalSection(ExtensibilityGlobals) = postSolution
		SolutionGuid = {6294D325-D718-4BD3-B534-F6E447C40FF8}
	EndGlobalSection
EndGlobal
