
Microsoft Visual Studio Solution File, Format Version 12.00
# Visual Studio Version 17
VisualStudioVersion = 17.3.32922.545
MinimumVisualStudioVersion = 10.0.40219.1
Project("{FAE04EC0-301F-11D3-BF4B-00C04F79EFBC}") = "Animatie1", "Animatie1\Animatie1.csproj", "{B545835F-54B4-49B9-B872-A75C356ECA7A}"
EndProject
Global
	GlobalSection(SolutionConfigurationPlatforms) = preSolution
		Debug|Any CPU = Debug|Any CPU
		Release|Any CPU = Release|Any CPU
	EndGlobalSection
	GlobalSection(ProjectConfigurationPlatforms) = postSolution
		{B545835F-54B4-49B9-B872-A75C356ECA7A}.Debug|Any CPU.ActiveCfg = Debug|Any CPU
		{B545835F-54B4-49B9-B872-A75C356ECA7A}.Debug|Any CPU.Build.0 = Debug|Any CPU
		{B545835F-54B4-49B9-B872-A75C356ECA7A}.Release|Any CPU.ActiveCfg = Release|Any CPU
		{B545835F-54B4-49B9-B872-A75C356ECA7A}.Release|Any CPU.Build.0 = Release|Any CPU
	EndGlobalSection
	GlobalSection(SolutionProperties) = preSolution
		HideSolutionNode = FALSE
	EndGlobalSection
	GlobalSection(ExtensibilityGlobals) = postSolution
		SolutionGuid = {63518256-6065-458C-A200-4EEE5560121F}
	EndGlobalSection
EndGlobal
